
Microsoft Visual Studio Solution File, Format Version 12.00
# Visual Studio Version 16
VisualStudioVersion = 16.0.29201.188
MinimumVisualStudioVersion = 10.0.40219.1
Project("{888888A0-9F3D-457C-B088-3A5042F75D52}") = "weibo.py", "weibo.py.pyproj", "{11FE5644-6722-44EB-BAC9-3F845B201712}"
EndProject
Global
	GlobalSection(SolutionConfigurationPlatforms) = preSolution
		Debug|Any CPU = Debug|Any CPU
		Release|Any CPU = Release|Any CPU
	EndGlobalSection
	GlobalSection(ProjectConfigurationPlatforms) = postSolution
		{11FE5644-6722-44EB-BAC9-3F845B201712}.Debug|Any CPU.ActiveCfg = Debug|Any CPU
		{11FE5644-6722-44EB-BAC9-3F845B201712}.Release|Any CPU.ActiveCfg = Release|Any CPU
	EndGlobalSection
	GlobalSection(SolutionProperties) = preSolution
		HideSolutionNode = FALSE
	EndGlobalSection
	GlobalSection(ExtensibilityGlobals) = postSolution
		SolutionGuid = {78B4C5D7-A2D1-492E-8C35-CD9117E4B5BD}
	EndGlobalSection
EndGlobal
